
Microsoft Visual Studio Solution File, Format Version 12.00
# Visual Studio Version 16
VisualStudioVersion = 16.0.30717.126
MinimumVisualStudioVersion = 10.0.40219.1
Project("{FAE04EC0-301F-11D3-BF4B-00C04F79EFBC}") = "Bodoconsult.Core.Database.Postgres", "Bodoconsult.Core.Database.Postgres\Bodoconsult.Core.Database.Postgres.csproj", "{42840295-322B-4A54-8B37-BD0840036905}"
EndProject
Project("{FAE04EC0-301F-11D3-BF4B-00C04F79EFBC}") = "Bodoconsult.Core.Database.Postgres.Test", "Bodoconsult.Core.Database.Postgres.Test\Bodoconsult.Core.Database.Postgres.Test.csproj", "{1EAA56E0-FEE9-4B79-95E2-7F62237785B8}"
EndProject
Global
	GlobalSection(SolutionConfigurationPlatforms) = preSolution
		Debug|Any CPU = Debug|Any CPU
		Release|Any CPU = Release|Any CPU
	EndGlobalSection
	GlobalSection(ProjectConfigurationPlatforms) = postSolution
		{42840295-322B-4A54-8B37-BD0840036905}.Debug|Any CPU.ActiveCfg = Debug|Any CPU
		{42840295-322B-4A54-8B37-BD0840036905}.Debug|Any CPU.Build.0 = Debug|Any CPU
		{42840295-322B-4A54-8B37-BD0840036905}.Release|Any CPU.ActiveCfg = Release|Any CPU
		{42840295-322B-4A54-8B37-BD0840036905}.Release|Any CPU.Build.0 = Release|Any CPU
		{1EAA56E0-FEE9-4B79-95E2-7F62237785B8}.Debug|Any CPU.ActiveCfg = Debug|Any CPU
		{1EAA56E0-FEE9-4B79-95E2-7F62237785B8}.Debug|Any CPU.Build.0 = Debug|Any CPU
		{1EAA56E0-FEE9-4B79-95E2-7F62237785B8}.Release|Any CPU.ActiveCfg = Release|Any CPU
		{1EAA56E0-FEE9-4B79-95E2-7F62237785B8}.Release|Any CPU.Build.0 = Release|Any CPU
	EndGlobalSection
	GlobalSection(SolutionProperties) = preSolution
		HideSolutionNode = FALSE
	EndGlobalSection
	GlobalSection(ExtensibilityGlobals) = postSolution
		SolutionGuid = {B8A39823-C597-4573-95CC-63A507BEF7EB}
	EndGlobalSection
EndGlobal
